
Microsoft Visual Studio Solution File, Format Version 12.00
# Visual Studio 15
VisualStudioVersion = 15.0.27703.2047
MinimumVisualStudioVersion = 10.0.40219.1
Project("{2286C783-8279-485C-B9A4-1E666CCB004B}") = "jc3", "jc3.nbuildproj", "{C28A738B-772E-48D1-AE85-F2EBBCE41881}"
EndProject
Global
	GlobalSection(SolutionConfigurationPlatforms) = preSolution
		Debug|Any CPU = Debug|Any CPU
		Release|Any CPU = Release|Any CPU
	EndGlobalSection
	GlobalSection(ProjectConfigurationPlatforms) = postSolution
		{C28A738B-772E-48D1-AE85-F2EBBCE41881}.Debug|Any CPU.ActiveCfg = Debug|Any CPU
		{C28A738B-772E-48D1-AE85-F2EBBCE41881}.Debug|Any CPU.Build.0 = Debug|Any CPU
		{C28A738B-772E-48D1-AE85-F2EBBCE41881}.Release|Any CPU.ActiveCfg = Release|Any CPU
		{C28A738B-772E-48D1-AE85-F2EBBCE41881}.Release|Any CPU.Build.0 = Release|Any CPU
	EndGlobalSection
	GlobalSection(SolutionProperties) = preSolution
		HideSolutionNode = FALSE
	EndGlobalSection
	GlobalSection(ExtensibilityGlobals) = postSolution
		SolutionGuid = {89E049AB-E18F-4F2E-825A-9EC29D07295D}
	EndGlobalSection
EndGlobal
